
Microsoft Visual Studio Solution File, Format Version 12.00
# Visual Studio 15
VisualStudioVersion = 15.0.26124.0
MinimumVisualStudioVersion = 15.0.26124.0
Project("{FAE04EC0-301F-11D3-BF4B-00C04F79EFBC}") = "GlideRoseRefactor.Console", "GlideRoseRefactor.Console\GlideRoseRefactor.Console.csproj", "{FB27EDEE-4E62-4C39-A6BF-E14D6711D6DD}"
EndProject
Project("{FAE04EC0-301F-11D3-BF4B-00C04F79EFBC}") = "GlideRoseRefactor.Tests", "GlideRoseRefactor.Tests\GlideRoseRefactor.Tests.csproj", "{24893254-F53B-4952-BE55-0FE2D0975D8F}"
EndProject
Global
	GlobalSection(SolutionConfigurationPlatforms) = preSolution
		Debug|Any CPU = Debug|Any CPU
		Debug|x64 = Debug|x64
		Debug|x86 = Debug|x86
		Release|Any CPU = Release|Any CPU
		Release|x64 = Release|x64
		Release|x86 = Release|x86
	EndGlobalSection
	GlobalSection(SolutionProperties) = preSolution
		HideSolutionNode = FALSE
	EndGlobalSection
	GlobalSection(ProjectConfigurationPlatforms) = postSolution
		{FB27EDEE-4E62-4C39-A6BF-E14D6711D6DD}.Debug|Any CPU.ActiveCfg = Debug|Any CPU
		{FB27EDEE-4E62-4C39-A6BF-E14D6711D6DD}.Debug|Any CPU.Build.0 = Debug|Any CPU
		{FB27EDEE-4E62-4C39-A6BF-E14D6711D6DD}.Debug|x64.ActiveCfg = Debug|Any CPU
		{FB27EDEE-4E62-4C39-A6BF-E14D6711D6DD}.Debug|x64.Build.0 = Debug|Any CPU
		{FB27EDEE-4E62-4C39-A6BF-E14D6711D6DD}.Debug|x86.ActiveCfg = Debug|Any CPU
		{FB27EDEE-4E62-4C39-A6BF-E14D6711D6DD}.Debug|x86.Build.0 = Debug|Any CPU
		{FB27EDEE-4E62-4C39-A6BF-E14D6711D6DD}.Release|Any CPU.ActiveCfg = Release|Any CPU
		{FB27EDEE-4E62-4C39-A6BF-E14D6711D6DD}.Release|Any CPU.Build.0 = Release|Any CPU
		{FB27EDEE-4E62-4C39-A6BF-E14D6711D6DD}.Release|x64.ActiveCfg = Release|Any CPU
		{FB27EDEE-4E62-4C39-A6BF-E14D6711D6DD}.Release|x64.Build.0 = Release|Any CPU
		{FB27EDEE-4E62-4C39-A6BF-E14D6711D6DD}.Release|x86.ActiveCfg = Release|Any CPU
		{FB27EDEE-4E62-4C39-A6BF-E14D6711D6DD}.Release|x86.Build.0 = Release|Any CPU
		{24893254-F53B-4952-BE55-0FE2D0975D8F}.Debug|Any CPU.ActiveCfg = Debug|Any CPU
		{24893254-F53B-4952-BE55-0FE2D0975D8F}.Debug|Any CPU.Build.0 = Debug|Any CPU
		{24893254-F53B-4952-BE55-0FE2D0975D8F}.Debug|x64.ActiveCfg = Debug|Any CPU
		{24893254-F53B-4952-BE55-0FE2D0975D8F}.Debug|x64.Build.0 = Debug|Any CPU
		{24893254-F53B-4952-BE55-0FE2D0975D8F}.Debug|x86.ActiveCfg = Debug|Any CPU
		{24893254-F53B-4952-BE55-0FE2D0975D8F}.Debug|x86.Build.0 = Debug|Any CPU
		{24893254-F53B-4952-BE55-0FE2D0975D8F}.Release|Any CPU.ActiveCfg = Release|Any CPU
		{24893254-F53B-4952-BE55-0FE2D0975D8F}.Release|Any CPU.Build.0 = Release|Any CPU
		{24893254-F53B-4952-BE55-0FE2D0975D8F}.Release|x64.ActiveCfg = Release|Any CPU
		{24893254-F53B-4952-BE55-0FE2D0975D8F}.Release|x64.Build.0 = Release|Any CPU
		{24893254-F53B-4952-BE55-0FE2D0975D8F}.Release|x86.ActiveCfg = Release|Any CPU
		{24893254-F53B-4952-BE55-0FE2D0975D8F}.Release|x86.Build.0 = Release|Any CPU
	EndGlobalSection
EndGlobal
